{
  "requires": true,
  "lockfileVersion": 1,
  "dependencies": {
    "@types/chart.js": {
      "version": "2.9.15",
      "resolved": "https://registry.npmjs.org/@types/chart.js/-/chart.js-2.9.15.tgz",
      "integrity": "sha512-PRxv/KYzmeVXDgp9nHJBoIQh9iJEyBm/OocnSrIEU9VZSNW5lcbXVkYjkb4V78VGGJESf57tk7KxK1LBAccOAQ==",
      "dev": true,
      "requires": {
        "moment": "^2.10.2"
      }
    },
    "@types/ejs": {
      "version": "3.0.1",
      "resolved": "https://registry.npmjs.org/@types/ejs/-/ejs-3.0.1.tgz",
      "integrity": "sha512-e8zAwnKg8lGy8MpAZx7gblNXY4agrAXH9YaAWYsMIfvusHdoS50WvwlcBb75JP8U2rg99PqxbEIstbiZSPAnEg==",
      "dev": true
    },
    "@types/luxon": {
      "version": "1.21.0",
      "resolved": "https://registry.npmjs.org/@types/luxon/-/luxon-1.21.0.tgz",
      "integrity": "sha512-Zhrf65tpjOlVIYrUhX9eu1VzRo8iixQDLFPbfqFxPpG4pBTNNPZ2BFhYE0IAsDfW9GWg+RcrUqiLwrGJH4rq4w==",
      "dev": true
    },
    "@types/zepto": {
      "version": "1.0.30",
      "resolved": "https://registry.npmjs.org/@types/zepto/-/zepto-1.0.30.tgz",
      "integrity": "sha512-uAW6pKvJJz9xI/j7DTQkVMAcL1upYVs6WOTI34SYDMxkpf9SMczdXodPIJk0fF8C2IJy/o0vk0PmrrlfSmJE9w==",
      "dev": true
    },
    "chart.js": {
      "version": "2.9.3",
      "resolved": "https://registry.npmjs.org/chart.js/-/chart.js-2.9.3.tgz",
      "integrity": "sha512-+2jlOobSk52c1VU6fzkh3UwqHMdSlgH1xFv9FKMqHiNCpXsGPQa/+81AFa+i3jZ253Mq9aAycPwDjnn1XbRNNw==",
      "dev": true,
      "requires": {
        "chartjs-color": "^2.1.0",
        "moment": "^2.10.2"
      }
    },
    "chartjs-color": {
      "version": "2.4.1",
      "resolved": "https://registry.npmjs.org/chartjs-color/-/chartjs-color-2.4.1.tgz",
      "integrity": "sha512-haqOg1+Yebys/Ts/9bLo/BqUcONQOdr/hoEr2LLTRl6C5LXctUdHxsCYfvQVg5JIxITrfCNUDr4ntqmQk9+/0w==",
      "dev": true,
      "requires": {
        "chartjs-color-string": "^0.6.0",
        "color-convert": "^1.9.3"
      }
    },
    "chartjs-color-string": {
      "version": "0.6.0",
      "resolved": "https://registry.npmjs.org/chartjs-color-string/-/chartjs-color-string-0.6.0.tgz",
      "integrity": "sha512-TIB5OKn1hPJvO7JcteW4WY/63v6KwEdt6udfnDE9iCAZgy+V4SrbSxoIbTw/xkUIapjEI4ExGtD0+6D3KyFd7A==",
      "dev": true,
      "requires": {
        "color-name": "^1.0.0"
      }
    },
    "color-convert": {
      "version": "1.9.3",
      "resolved": "https://registry.npmjs.org/color-convert/-/color-convert-1.9.3.tgz",
      "integrity": "sha512-QfAUtd+vFdAtFQcC8CCyYt1fYWxSqAiK2cSD6zDB8N3cpsEBAvRxp9zOGg6G/SHHJYAT88/az/IuDGALsNVbGg==",
      "dev": true,
      "requires": {
        "color-name": "1.1.3"
      },
      "dependencies": {
        "color-name": {
          "version": "1.1.3",
          "resolved": "https://registry.npmjs.org/color-name/-/color-name-1.1.3.tgz",
          "integrity": "sha1-p9BVi9icQveV3UIyj3QIMcpTvCU=",
          "dev": true
        }
      }
    },
    "color-name": {
      "version": "1.1.4",
      "resolved": "https://registry.npmjs.org/color-name/-/color-name-1.1.4.tgz",
      "integrity": "sha512-dOy+3AuW3a2wNbZHIuMZpTcgjGuLU/uBL/ubcZF9OXbDo8ff4O8yVp5Bf0efS8uEoYo5q4Fx7dY9OgQGXgAsQA==",
      "dev": true
    },
    "ejs": {
      "version": "3.0.1",
      "resolved": "https://registry.npmjs.org/ejs/-/ejs-3.0.1.tgz",
      "integrity": "sha512-cuIMtJwxvzumSAkqaaoGY/L6Fc/t6YvoP9/VIaK0V/CyqKLEQ8sqODmYfy/cjXEdZ9+OOL8TecbJu+1RsofGDw==",
      "dev": true
    },
    "luxon": {
      "version": "1.22.0",
      "resolved": "https://registry.npmjs.org/luxon/-/luxon-1.22.0.tgz",
      "integrity": "sha512-3sLvlfbFo+AxVEY3IqxymbumtnlgBwjDExxK60W3d+trrUzErNAz/PfvPT+mva+vEUrdIodeCOs7fB6zHtRSrw==",
      "dev": true
    },
    "moment": {
      "version": "2.24.0",
      "resolved": "https://registry.npmjs.org/moment/-/moment-2.24.0.tgz",
      "integrity": "sha512-bV7f+6l2QigeBBZSM/6yTNq4P2fNpSWj/0e7jQcy87A8e7o2nAfP/34/2ky5Vw4B9S446EtIhodAzkFCcR4dQg==",
      "dev": true
    },
    "typescript": {
      "version": "3.8.3",
      "resolved": "https://registry.npmjs.org/typescript/-/typescript-3.8.3.tgz",
      "integrity": "sha512-MYlEfn5VrLNsgudQTVJeNaQFUAI7DkhnOjdpAp4T+ku1TfQClewlbSuTVHiA+8skNBgaf02TL/kLOvig4y3G8w==",
      "dev": true
    },
    "zepto": {
      "version": "1.2.0",
      "resolved": "https://registry.npmjs.org/zepto/-/zepto-1.2.0.tgz",
      "integrity": "sha1-4Se9nmb9hGvl6rSME5SIL3wOT5g=",
      "dev": true
    }
  }
}
